
Microsoft Visual Studio Solution File, Format Version 12.00
# Visual Studio Version 16
VisualStudioVersion = 16.0.31205.134
MinimumVisualStudioVersion = 10.0.40219.1
Project("{FAE04EC0-301F-11D3-BF4B-00C04F79EFBC}") = "HTHABaiTapLon883", "HTHABaiTapLon883\HTHABaiTapLon883.csproj", "{03642587-C103-4279-8F9D-DD02381D481A}"
EndProject
Global
	GlobalSection(SolutionConfigurationPlatforms) = preSolution
		Debug|Any CPU = Debug|Any CPU
		Release|Any CPU = Release|Any CPU
	EndGlobalSection
	GlobalSection(ProjectConfigurationPlatforms) = postSolution
		{03642587-C103-4279-8F9D-DD02381D481A}.Debug|Any CPU.ActiveCfg = Debug|Any CPU
		{03642587-C103-4279-8F9D-DD02381D481A}.Debug|Any CPU.Build.0 = Debug|Any CPU
		{03642587-C103-4279-8F9D-DD02381D481A}.Release|Any CPU.ActiveCfg = Release|Any CPU
		{03642587-C103-4279-8F9D-DD02381D481A}.Release|Any CPU.Build.0 = Release|Any CPU
	EndGlobalSection
	GlobalSection(SolutionProperties) = preSolution
		HideSolutionNode = FALSE
	EndGlobalSection
	GlobalSection(ExtensibilityGlobals) = postSolution
		SolutionGuid = {AA3DC15C-7977-4D81-8D76-724DB09B7DD9}
	EndGlobalSection
EndGlobal
